{
  "name": "lambda2",
  "version": "1.0.0",
  "lockfileVersion": 2,
  "requires": true,
  "packages": {
    "": {
      "version": "1.0.0",
      "license": "ISC",
      "dependencies": {
        "@types/async": "^3.2.6",
        "@types/gremlin": "^3.4.6",
        "async": "^3.2.0",
        "gremlin": "^3.5.0"
      }
    },
    "node_modules/@types/async": {
      "version": "3.2.6",
      "resolved": "https://registry.npmjs.org/@types/async/-/async-3.2.6.tgz",
      "integrity": "sha512-ZkrXnZLC1mc4b9QLKaSrsxV4oxTRs10OI2kgSApT8G0v1jrmqppSHUVQ15kLorzsFBTjvf7OKF4kAibuuNQ+xA=="
    },
    "node_modules/@types/gremlin": {
      "version": "3.4.6",
      "resolved": "https://registry.npmjs.org/@types/gremlin/-/gremlin-3.4.6.tgz",
      "integrity": "sha512-ncw1vWIpoSdG8I6yPWvCE+q2yVzQRdEC0Gy1dHE96T4VV1W+k3oif93Hzxu1hMRz0GUOlyCVE2zvqOwS02Zogg=="
    },
    "node_modules/async": {
      "version": "3.2.0",
      "resolved": "https://registry.npmjs.org/async/-/async-3.2.0.tgz",
      "integrity": "sha512-TR2mEZFVOj2pLStYxLht7TyfuRzaydfpxr3k9RpHIzMgw7A64dzsdqCxH1WJyQdoe8T10nDXd9wnEigmiuHIZw=="
    },
    "node_modules/async-limiter": {
      "version": "1.0.1",
      "resolved": "https://registry.npmjs.org/async-limiter/-/async-limiter-1.0.1.tgz",
      "integrity": "sha512-csOlWGAcRFJaI6m+F2WKdnMKr4HhdhFVBk0H/QbJFMCr+uO2kwohwXQPxw/9OCxp05r5ghVBFSyioixx3gfkNQ=="
    },
    "node_modules/gremlin": {
      "version": "3.5.0",
      "resolved": "https://registry.npmjs.org/gremlin/-/gremlin-3.5.0.tgz",
      "integrity": "sha512-xH+xDI3SnLW2dsXN2xm4LD/oDX9iyWoDS9HRqnd6MB9zV/faaHhBkrxa+uGiy2RS7MDvfTZS6sKYVBjF8MhHYA==",
      "dependencies": {
        "ws": "^6.2.1"
      },
      "engines": {
        "node": ">=10"
      }
    },
    "node_modules/ws": {
      "version": "6.2.2",
      "resolved": "https://registry.npmjs.org/ws/-/ws-6.2.2.tgz",
      "integrity": "sha512-zmhltoSR8u1cnDsD43TX59mzoMZsLKqUweyYBAIvTngR3shc0W6aOZylZmq/7hqyVxPdi+5Ud2QInblgyE72fw==",
      "dependencies": {
        "async-limiter": "~1.0.0"
      }
    }
  },
  "dependencies": {
    "@types/async": {
      "version": "3.2.6",
      "resolved": "https://registry.npmjs.org/@types/async/-/async-3.2.6.tgz",
      "integrity": "sha512-ZkrXnZLC1mc4b9QLKaSrsxV4oxTRs10OI2kgSApT8G0v1jrmqppSHUVQ15kLorzsFBTjvf7OKF4kAibuuNQ+xA=="
    },
    "@types/gremlin": {
      "version": "3.4.6",
      "resolved": "https://registry.npmjs.org/@types/gremlin/-/gremlin-3.4.6.tgz",
      "integrity": "sha512-ncw1vWIpoSdG8I6yPWvCE+q2yVzQRdEC0Gy1dHE96T4VV1W+k3oif93Hzxu1hMRz0GUOlyCVE2zvqOwS02Zogg=="
    },
    "async": {
      "version": "3.2.0",
      "resolved": "https://registry.npmjs.org/async/-/async-3.2.0.tgz",
      "integrity": "sha512-TR2mEZFVOj2pLStYxLht7TyfuRzaydfpxr3k9RpHIzMgw7A64dzsdqCxH1WJyQdoe8T10nDXd9wnEigmiuHIZw=="
    },
    "async-limiter": {
      "version": "1.0.1",
      "resolved": "https://registry.npmjs.org/async-limiter/-/async-limiter-1.0.1.tgz",
      "integrity": "sha512-csOlWGAcRFJaI6m+F2WKdnMKr4HhdhFVBk0H/QbJFMCr+uO2kwohwXQPxw/9OCxp05r5ghVBFSyioixx3gfkNQ=="
    },
    "gremlin": {
      "version": "3.5.0",
      "resolved": "https://registry.npmjs.org/gremlin/-/gremlin-3.5.0.tgz",
      "integrity": "sha512-xH+xDI3SnLW2dsXN2xm4LD/oDX9iyWoDS9HRqnd6MB9zV/faaHhBkrxa+uGiy2RS7MDvfTZS6sKYVBjF8MhHYA==",
      "requires": {
        "ws": "^6.2.1"
      }
    },
    "ws": {
      "version": "6.2.2",
      "resolved": "https://registry.npmjs.org/ws/-/ws-6.2.2.tgz",
      "integrity": "sha512-zmhltoSR8u1cnDsD43TX59mzoMZsLKqUweyYBAIvTngR3shc0W6aOZylZmq/7hqyVxPdi+5Ud2QInblgyE72fw==",
      "requires": {
        "async-limiter": "~1.0.0"
      }
    }
  }
}
